
Microsoft Visual Studio Solution File, Format Version 12.00
# Visual Studio Version 17
VisualStudioVersion = 17.11.35222.181
MinimumVisualStudioVersion = 10.0.40219.1
Project("{FAE04EC0-301F-11D3-BF4B-00C04F79EFBC}") = "PRJAPPTURNOS", "PRJAPPTURNOS\PRJAPPTURNOS\PRJAPPTURNOS.csproj", "{9919B9D0-7000-480E-92E2-7E9F976E7A46}"
EndProject
Project("{FAE04EC0-301F-11D3-BF4B-00C04F79EFBC}") = "PRJAPPTURNOS.Client", "PRJAPPTURNOS\PRJAPPTURNOS.Client\PRJAPPTURNOS.Client.csproj", "{92FA4488-9C61-4EDF-8EB5-1950E07627C1}"
EndProject
Project("{FAE04EC0-301F-11D3-BF4B-00C04F79EFBC}") = "Entidades", "Entidades\Entidades.csproj", "{A9D2A1DE-5DCC-4329-B95E-A9024EEB427D}"
EndProject
Project("{FAE04EC0-301F-11D3-BF4B-00C04F79EFBC}") = "Repositorio", "Repositorio\Repositorio.csproj", "{CE725218-E9FF-4B6A-86CA-CF9E42638AE7}"
EndProject
Global
	GlobalSection(SolutionConfigurationPlatforms) = preSolution
		Debug|Any CPU = Debug|Any CPU
		Release|Any CPU = Release|Any CPU
	EndGlobalSection
	GlobalSection(ProjectConfigurationPlatforms) = postSolution
		{9919B9D0-7000-480E-92E2-7E9F976E7A46}.Debug|Any CPU.ActiveCfg = Debug|Any CPU
		{9919B9D0-7000-480E-92E2-7E9F976E7A46}.Debug|Any CPU.Build.0 = Debug|Any CPU
		{9919B9D0-7000-480E-92E2-7E9F976E7A46}.Release|Any CPU.ActiveCfg = Release|Any CPU
		{9919B9D0-7000-480E-92E2-7E9F976E7A46}.Release|Any CPU.Build.0 = Release|Any CPU
		{92FA4488-9C61-4EDF-8EB5-1950E07627C1}.Debug|Any CPU.ActiveCfg = Debug|Any CPU
		{92FA4488-9C61-4EDF-8EB5-1950E07627C1}.Debug|Any CPU.Build.0 = Debug|Any CPU
		{92FA4488-9C61-4EDF-8EB5-1950E07627C1}.Release|Any CPU.ActiveCfg = Release|Any CPU
		{92FA4488-9C61-4EDF-8EB5-1950E07627C1}.Release|Any CPU.Build.0 = Release|Any CPU
		{A9D2A1DE-5DCC-4329-B95E-A9024EEB427D}.Debug|Any CPU.ActiveCfg = Debug|Any CPU
		{A9D2A1DE-5DCC-4329-B95E-A9024EEB427D}.Debug|Any CPU.Build.0 = Debug|Any CPU
		{A9D2A1DE-5DCC-4329-B95E-A9024EEB427D}.Release|Any CPU.ActiveCfg = Release|Any CPU
		{A9D2A1DE-5DCC-4329-B95E-A9024EEB427D}.Release|Any CPU.Build.0 = Release|Any CPU
		{CE725218-E9FF-4B6A-86CA-CF9E42638AE7}.Debug|Any CPU.ActiveCfg = Debug|Any CPU
		{CE725218-E9FF-4B6A-86CA-CF9E42638AE7}.Debug|Any CPU.Build.0 = Debug|Any CPU
		{CE725218-E9FF-4B6A-86CA-CF9E42638AE7}.Release|Any CPU.ActiveCfg = Release|Any CPU
		{CE725218-E9FF-4B6A-86CA-CF9E42638AE7}.Release|Any CPU.Build.0 = Release|Any CPU
	EndGlobalSection
	GlobalSection(SolutionProperties) = preSolution
		HideSolutionNode = FALSE
	EndGlobalSection
	GlobalSection(ExtensibilityGlobals) = postSolution
		SolutionGuid = {95587979-DC45-4159-9250-FAAC87F21848}
	EndGlobalSection
EndGlobal
